
Microsoft Visual Studio Solution File, Format Version 12.00
# Visual Studio Version 16
VisualStudioVersion = 16.0.30011.22
MinimumVisualStudioVersion = 10.0.40219.1
Project("{9A19103F-16F7-4668-BE54-9A1E7A4F7556}") = "Core Tests", "..\Core Tests\Core Tests.csproj", "{BC8EF45E-A15E-4001-B860-DEBBBF0CEFE4}"
EndProject
Project("{9A19103F-16F7-4668-BE54-9A1E7A4F7556}") = "SDC.Schema2", "SDC.Schema2.csproj", "{BF48DE72-BEF6-4EF3-B22A-733F8E3E86E9}"
EndProject
Global
	GlobalSection(SolutionConfigurationPlatforms) = preSolution
		Debug|Any CPU = Debug|Any CPU
		Release|Any CPU = Release|Any CPU
	EndGlobalSection
	GlobalSection(ProjectConfigurationPlatforms) = postSolution
		{BC8EF45E-A15E-4001-B860-DEBBBF0CEFE4}.Debug|Any CPU.ActiveCfg = Debug|Any CPU
		{BC8EF45E-A15E-4001-B860-DEBBBF0CEFE4}.Debug|Any CPU.Build.0 = Debug|Any CPU
		{BC8EF45E-A15E-4001-B860-DEBBBF0CEFE4}.Release|Any CPU.ActiveCfg = Release|Any CPU
		{BC8EF45E-A15E-4001-B860-DEBBBF0CEFE4}.Release|Any CPU.Build.0 = Release|Any CPU
		{BF48DE72-BEF6-4EF3-B22A-733F8E3E86E9}.Debug|Any CPU.ActiveCfg = Debug|Any CPU
		{BF48DE72-BEF6-4EF3-B22A-733F8E3E86E9}.Debug|Any CPU.Build.0 = Debug|Any CPU
		{BF48DE72-BEF6-4EF3-B22A-733F8E3E86E9}.Release|Any CPU.ActiveCfg = Release|Any CPU
		{BF48DE72-BEF6-4EF3-B22A-733F8E3E86E9}.Release|Any CPU.Build.0 = Release|Any CPU
	EndGlobalSection
	GlobalSection(SolutionProperties) = preSolution
		HideSolutionNode = FALSE
	EndGlobalSection
	GlobalSection(ExtensibilityGlobals) = postSolution
		SolutionGuid = {571A6FBA-1E8B-4133-8558-F79A7F451D5B}
	EndGlobalSection
EndGlobal
