
Microsoft Visual Studio Solution File, Format Version 12.00
# Visual Studio Version 16
VisualStudioVersion = 16.0.29123.88
MinimumVisualStudioVersion = 10.0.40219.1
Project("{2150E333-8FDC-42A3-9474-1A3956D46DE8}") = "Solution Items", "Solution Items", "{DB4B1E13-34F8-4815-B6E9-F9A016890BA6}"
	ProjectSection(SolutionItems) = preProject
		SDC.Gen.UI.WPF\lib\ebCrypt.dll = SDC.Gen.UI.WPF\lib\ebCrypt.dll
		SDC.Gen.UI.WPF\lib\Gear.ico = SDC.Gen.UI.WPF\lib\Gear.ico
		SDC.Gen.UI.WPF\lib\Register_ebCrypt.bat = SDC.Gen.UI.WPF\lib\Register_ebCrypt.bat
		SDC.Gen.UI.WPF\lib\Register_ebCrypt_Admin.bat = SDC.Gen.UI.WPF\lib\Register_ebCrypt_Admin.bat
		SDC.Gen.UI.WPF\lib\XMLSchema.ico = SDC.Gen.UI.WPF\lib\XMLSchema.ico
	EndProjectSection
EndProject
Project("{2150E333-8FDC-42A3-9474-1A3956D46DE8}") = ".nuget", ".nuget", "{FA515885-FB0D-491C-8FFD-F226ADFA771E}"
	ProjectSection(SolutionItems) = preProject
		.nuget\NuGet.Config = .nuget\NuGet.Config
		.nuget\NuGet.exe = .nuget\NuGet.exe
		.nuget\NuGet.targets = .nuget\NuGet.targets
	EndProjectSection
EndProject
Project("{FAE04EC0-301F-11D3-BF4B-00C04F79EFBC}") = "SDC.Schema", "SDC.Schema\SDC.Schema.csproj", "{3C071543-1E33-4CA3-97FB-808B82D37B5C}"
EndProject
Project("{FAE04EC0-301F-11D3-BF4B-00C04F79EFBC}") = "SDC.DAL.DataModel", "SDC.DAL.DataModel\SDC.DAL.DataModel.csproj", "{6627E8DA-B769-48CA-BB2D-58277AEE4C06}"
EndProject
Project("{FAE04EC0-301F-11D3-BF4B-00C04F79EFBC}") = "SDC.Schema.Adaptor", "SDC.Schema.Adaptor\SDC.Schema.Adaptor.csproj", "{3A26EEFB-B1FB-4832-84F1-053BB55E7DBE}"
EndProject
Project("{FAE04EC0-301F-11D3-BF4B-00C04F79EFBC}") = "SDC.MSTest", "SDC.MSTest\SDC.MSTest.csproj", "{8389F2B0-567B-4531-8149-09B73847E263}"
EndProject
Project("{F184B08F-C81C-45F6-A57F-5ABD9991F28F}") = "SDC.Gen.UI.WPF", "SDC.Gen.UI.WPF\SDC.Gen.UI.WPF.vbproj", "{B1A4EA30-EB69-4543-9A01-04EA56B4C48A}"
EndProject
Project("{F184B08F-C81C-45F6-A57F-5ABD9991F28F}") = "SDC.Gen.API", "XML_Gen_API\SDC.Gen.API.vbproj", "{4C65261D-8E27-4B97-A365-F67C1287E20C}"
EndProject
Project("{FAE04EC0-301F-11D3-BF4B-00C04F79EFBC}") = "TE", "TE\TE.csproj", "{68F2743E-A7AE-40BB-9113-7844E53DDD90}"
EndProject
Project("{54435603-DBB4-11D2-8724-00A0C9A8B90C}") = "SDC XML Generator", "SDC XML Generator\SDC XML Generator.vdproj", "{036C14D0-C835-49CB-BA47-9E12B0367949}"
EndProject
Project("{FAE04EC0-301F-11D3-BF4B-00C04F79EFBC}") = "XML Validator", "XML Validator\XML Validator.csproj", "{B304F651-BE06-4BC0-A3F2-8C1EC706B249}"
EndProject
Global
	GlobalSection(SolutionConfigurationPlatforms) = preSolution
		Debug|Any CPU = Debug|Any CPU
		Debug|Mixed Platforms = Debug|Mixed Platforms
		Debug|x64 = Debug|x64
		Debug|x86 = Debug|x86
		Release|Any CPU = Release|Any CPU
		Release|Mixed Platforms = Release|Mixed Platforms
		Release|x64 = Release|x64
		Release|x86 = Release|x86
	EndGlobalSection
	GlobalSection(ProjectConfigurationPlatforms) = postSolution
		{3C071543-1E33-4CA3-97FB-808B82D37B5C}.Debug|Any CPU.ActiveCfg = Debug|Any CPU
		{3C071543-1E33-4CA3-97FB-808B82D37B5C}.Debug|Any CPU.Build.0 = Debug|Any CPU
		{3C071543-1E33-4CA3-97FB-808B82D37B5C}.Debug|Mixed Platforms.ActiveCfg = Debug|Any CPU
		{3C071543-1E33-4CA3-97FB-808B82D37B5C}.Debug|Mixed Platforms.Build.0 = Debug|Any CPU
		{3C071543-1E33-4CA3-97FB-808B82D37B5C}.Debug|x64.ActiveCfg = Debug|x64
		{3C071543-1E33-4CA3-97FB-808B82D37B5C}.Debug|x64.Build.0 = Debug|x64
		{3C071543-1E33-4CA3-97FB-808B82D37B5C}.Debug|x86.ActiveCfg = Debug|x86
		{3C071543-1E33-4CA3-97FB-808B82D37B5C}.Debug|x86.Build.0 = Debug|x86
		{3C071543-1E33-4CA3-97FB-808B82D37B5C}.Release|Any CPU.ActiveCfg = Release|Any CPU
		{3C071543-1E33-4CA3-97FB-808B82D37B5C}.Release|Any CPU.Build.0 = Release|Any CPU
		{3C071543-1E33-4CA3-97FB-808B82D37B5C}.Release|Mixed Platforms.ActiveCfg = Release|Any CPU
		{3C071543-1E33-4CA3-97FB-808B82D37B5C}.Release|Mixed Platforms.Build.0 = Release|Any CPU
		{3C071543-1E33-4CA3-97FB-808B82D37B5C}.Release|x64.ActiveCfg = Release|Any CPU
		{3C071543-1E33-4CA3-97FB-808B82D37B5C}.Release|x86.ActiveCfg = Release|x86
		{3C071543-1E33-4CA3-97FB-808B82D37B5C}.Release|x86.Build.0 = Release|x86
		{6627E8DA-B769-48CA-BB2D-58277AEE4C06}.Debug|Any CPU.ActiveCfg = Debug|Any CPU
		{6627E8DA-B769-48CA-BB2D-58277AEE4C06}.Debug|Any CPU.Build.0 = Debug|Any CPU
		{6627E8DA-B769-48CA-BB2D-58277AEE4C06}.Debug|Mixed Platforms.ActiveCfg = Debug|Any CPU
		{6627E8DA-B769-48CA-BB2D-58277AEE4C06}.Debug|Mixed Platforms.Build.0 = Debug|Any CPU
		{6627E8DA-B769-48CA-BB2D-58277AEE4C06}.Debug|x64.ActiveCfg = Debug|x64
		{6627E8DA-B769-48CA-BB2D-58277AEE4C06}.Debug|x64.Build.0 = Debug|x64
		{6627E8DA-B769-48CA-BB2D-58277AEE4C06}.Debug|x86.ActiveCfg = Debug|x86
		{6627E8DA-B769-48CA-BB2D-58277AEE4C06}.Debug|x86.Build.0 = Debug|x86
		{6627E8DA-B769-48CA-BB2D-58277AEE4C06}.Release|Any CPU.ActiveCfg = Release|Any CPU
		{6627E8DA-B769-48CA-BB2D-58277AEE4C06}.Release|Any CPU.Build.0 = Release|Any CPU
		{6627E8DA-B769-48CA-BB2D-58277AEE4C06}.Release|Mixed Platforms.ActiveCfg = Release|Any CPU
		{6627E8DA-B769-48CA-BB2D-58277AEE4C06}.Release|Mixed Platforms.Build.0 = Release|Any CPU
		{6627E8DA-B769-48CA-BB2D-58277AEE4C06}.Release|x64.ActiveCfg = Release|Any CPU
		{6627E8DA-B769-48CA-BB2D-58277AEE4C06}.Release|x86.ActiveCfg = Release|x86
		{6627E8DA-B769-48CA-BB2D-58277AEE4C06}.Release|x86.Build.0 = Release|x86
		{3A26EEFB-B1FB-4832-84F1-053BB55E7DBE}.Debug|Any CPU.ActiveCfg = Debug|Any CPU
		{3A26EEFB-B1FB-4832-84F1-053BB55E7DBE}.Debug|Any CPU.Build.0 = Debug|Any CPU
		{3A26EEFB-B1FB-4832-84F1-053BB55E7DBE}.Debug|Mixed Platforms.ActiveCfg = Debug|Any CPU
		{3A26EEFB-B1FB-4832-84F1-053BB55E7DBE}.Debug|Mixed Platforms.Build.0 = Debug|Any CPU
		{3A26EEFB-B1FB-4832-84F1-053BB55E7DBE}.Debug|x64.ActiveCfg = Debug|x64
		{3A26EEFB-B1FB-4832-84F1-053BB55E7DBE}.Debug|x64.Build.0 = Debug|x64
		{3A26EEFB-B1FB-4832-84F1-053BB55E7DBE}.Debug|x86.ActiveCfg = Debug|x86
		{3A26EEFB-B1FB-4832-84F1-053BB55E7DBE}.Debug|x86.Build.0 = Debug|x86
		{3A26EEFB-B1FB-4832-84F1-053BB55E7DBE}.Release|Any CPU.ActiveCfg = Release|Any CPU
		{3A26EEFB-B1FB-4832-84F1-053BB55E7DBE}.Release|Any CPU.Build.0 = Release|Any CPU
		{3A26EEFB-B1FB-4832-84F1-053BB55E7DBE}.Release|Mixed Platforms.ActiveCfg = Release|Any CPU
		{3A26EEFB-B1FB-4832-84F1-053BB55E7DBE}.Release|Mixed Platforms.Build.0 = Release|Any CPU
		{3A26EEFB-B1FB-4832-84F1-053BB55E7DBE}.Release|x64.ActiveCfg = Release|x64
		{3A26EEFB-B1FB-4832-84F1-053BB55E7DBE}.Release|x64.Build.0 = Release|x64
		{3A26EEFB-B1FB-4832-84F1-053BB55E7DBE}.Release|x86.ActiveCfg = Release|x86
		{3A26EEFB-B1FB-4832-84F1-053BB55E7DBE}.Release|x86.Build.0 = Release|x86
		{8389F2B0-567B-4531-8149-09B73847E263}.Debug|Any CPU.ActiveCfg = Debug|Any CPU
		{8389F2B0-567B-4531-8149-09B73847E263}.Debug|Any CPU.Build.0 = Debug|Any CPU
		{8389F2B0-567B-4531-8149-09B73847E263}.Debug|Mixed Platforms.ActiveCfg = Debug|Any CPU
		{8389F2B0-567B-4531-8149-09B73847E263}.Debug|Mixed Platforms.Build.0 = Debug|Any CPU
		{8389F2B0-567B-4531-8149-09B73847E263}.Debug|x64.ActiveCfg = Debug|x64
		{8389F2B0-567B-4531-8149-09B73847E263}.Debug|x64.Build.0 = Debug|x64
		{8389F2B0-567B-4531-8149-09B73847E263}.Debug|x86.ActiveCfg = Debug|x86
		{8389F2B0-567B-4531-8149-09B73847E263}.Debug|x86.Build.0 = Debug|x86
		{8389F2B0-567B-4531-8149-09B73847E263}.Release|Any CPU.ActiveCfg = Release|Any CPU
		{8389F2B0-567B-4531-8149-09B73847E263}.Release|Any CPU.Build.0 = Release|Any CPU
		{8389F2B0-567B-4531-8149-09B73847E263}.Release|Mixed Platforms.ActiveCfg = Release|Any CPU
		{8389F2B0-567B-4531-8149-09B73847E263}.Release|Mixed Platforms.Build.0 = Release|Any CPU
		{8389F2B0-567B-4531-8149-09B73847E263}.Release|x64.ActiveCfg = Release|Any CPU
		{8389F2B0-567B-4531-8149-09B73847E263}.Release|x86.ActiveCfg = Release|x86
		{8389F2B0-567B-4531-8149-09B73847E263}.Release|x86.Build.0 = Release|x86
		{B1A4EA30-EB69-4543-9A01-04EA56B4C48A}.Debug|Any CPU.ActiveCfg = Debug|Any CPU
		{B1A4EA30-EB69-4543-9A01-04EA56B4C48A}.Debug|Any CPU.Build.0 = Debug|Any CPU
		{B1A4EA30-EB69-4543-9A01-04EA56B4C48A}.Debug|Mixed Platforms.ActiveCfg = Debug|Any CPU
		{B1A4EA30-EB69-4543-9A01-04EA56B4C48A}.Debug|Mixed Platforms.Build.0 = Debug|Any CPU
		{B1A4EA30-EB69-4543-9A01-04EA56B4C48A}.Debug|x64.ActiveCfg = Debug|x64
		{B1A4EA30-EB69-4543-9A01-04EA56B4C48A}.Debug|x64.Build.0 = Debug|x64
		{B1A4EA30-EB69-4543-9A01-04EA56B4C48A}.Debug|x86.ActiveCfg = Debug|x86
		{B1A4EA30-EB69-4543-9A01-04EA56B4C48A}.Debug|x86.Build.0 = Debug|x86
		{B1A4EA30-EB69-4543-9A01-04EA56B4C48A}.Release|Any CPU.ActiveCfg = Release|Any CPU
		{B1A4EA30-EB69-4543-9A01-04EA56B4C48A}.Release|Any CPU.Build.0 = Release|Any CPU
		{B1A4EA30-EB69-4543-9A01-04EA56B4C48A}.Release|Mixed Platforms.ActiveCfg = Release|Any CPU
		{B1A4EA30-EB69-4543-9A01-04EA56B4C48A}.Release|Mixed Platforms.Build.0 = Release|Any CPU
		{B1A4EA30-EB69-4543-9A01-04EA56B4C48A}.Release|x64.ActiveCfg = Release|x64
		{B1A4EA30-EB69-4543-9A01-04EA56B4C48A}.Release|x64.Build.0 = Release|x64
		{B1A4EA30-EB69-4543-9A01-04EA56B4C48A}.Release|x86.ActiveCfg = Release|x86
		{B1A4EA30-EB69-4543-9A01-04EA56B4C48A}.Release|x86.Build.0 = Release|x86
		{4C65261D-8E27-4B97-A365-F67C1287E20C}.Debug|Any CPU.ActiveCfg = Debug|Any CPU
		{4C65261D-8E27-4B97-A365-F67C1287E20C}.Debug|Any CPU.Build.0 = Debug|Any CPU
		{4C65261D-8E27-4B97-A365-F67C1287E20C}.Debug|Mixed Platforms.ActiveCfg = Debug|Any CPU
		{4C65261D-8E27-4B97-A365-F67C1287E20C}.Debug|Mixed Platforms.Build.0 = Debug|Any CPU
		{4C65261D-8E27-4B97-A365-F67C1287E20C}.Debug|x64.ActiveCfg = Debug|x64
		{4C65261D-8E27-4B97-A365-F67C1287E20C}.Debug|x64.Build.0 = Debug|x64
		{4C65261D-8E27-4B97-A365-F67C1287E20C}.Debug|x86.ActiveCfg = Debug|x86
		{4C65261D-8E27-4B97-A365-F67C1287E20C}.Debug|x86.Build.0 = Debug|x86
		{4C65261D-8E27-4B97-A365-F67C1287E20C}.Release|Any CPU.ActiveCfg = Release|Any CPU
		{4C65261D-8E27-4B97-A365-F67C1287E20C}.Release|Any CPU.Build.0 = Release|Any CPU
		{4C65261D-8E27-4B97-A365-F67C1287E20C}.Release|Mixed Platforms.ActiveCfg = Release|Any CPU
		{4C65261D-8E27-4B97-A365-F67C1287E20C}.Release|Mixed Platforms.Build.0 = Release|Any CPU
		{4C65261D-8E27-4B97-A365-F67C1287E20C}.Release|x64.ActiveCfg = Release|Any CPU
		{4C65261D-8E27-4B97-A365-F67C1287E20C}.Release|x64.Build.0 = Release|Any CPU
		{4C65261D-8E27-4B97-A365-F67C1287E20C}.Release|x86.ActiveCfg = Release|Any CPU
		{4C65261D-8E27-4B97-A365-F67C1287E20C}.Release|x86.Build.0 = Release|Any CPU
		{68F2743E-A7AE-40BB-9113-7844E53DDD90}.Debug|Any CPU.ActiveCfg = Debug|Any CPU
		{68F2743E-A7AE-40BB-9113-7844E53DDD90}.Debug|Any CPU.Build.0 = Debug|Any CPU
		{68F2743E-A7AE-40BB-9113-7844E53DDD90}.Debug|Mixed Platforms.ActiveCfg = Debug|Any CPU
		{68F2743E-A7AE-40BB-9113-7844E53DDD90}.Debug|Mixed Platforms.Build.0 = Debug|Any CPU
		{68F2743E-A7AE-40BB-9113-7844E53DDD90}.Debug|x64.ActiveCfg = Debug|x64
		{68F2743E-A7AE-40BB-9113-7844E53DDD90}.Debug|x64.Build.0 = Debug|x64
		{68F2743E-A7AE-40BB-9113-7844E53DDD90}.Debug|x86.ActiveCfg = Debug|x86
		{68F2743E-A7AE-40BB-9113-7844E53DDD90}.Debug|x86.Build.0 = Debug|x86
		{68F2743E-A7AE-40BB-9113-7844E53DDD90}.Release|Any CPU.ActiveCfg = Release|Any CPU
		{68F2743E-A7AE-40BB-9113-7844E53DDD90}.Release|Any CPU.Build.0 = Release|Any CPU
		{68F2743E-A7AE-40BB-9113-7844E53DDD90}.Release|Mixed Platforms.ActiveCfg = Release|Any CPU
		{68F2743E-A7AE-40BB-9113-7844E53DDD90}.Release|Mixed Platforms.Build.0 = Release|Any CPU
		{68F2743E-A7AE-40BB-9113-7844E53DDD90}.Release|x64.ActiveCfg = Release|Any CPU
		{68F2743E-A7AE-40BB-9113-7844E53DDD90}.Release|x64.Build.0 = Release|Any CPU
		{68F2743E-A7AE-40BB-9113-7844E53DDD90}.Release|x86.ActiveCfg = Release|Any CPU
		{68F2743E-A7AE-40BB-9113-7844E53DDD90}.Release|x86.Build.0 = Release|Any CPU
		{036C14D0-C835-49CB-BA47-9E12B0367949}.Debug|Any CPU.ActiveCfg = Debug
		{036C14D0-C835-49CB-BA47-9E12B0367949}.Debug|Any CPU.Build.0 = Debug
		{036C14D0-C835-49CB-BA47-9E12B0367949}.Debug|Mixed Platforms.ActiveCfg = Debug
		{036C14D0-C835-49CB-BA47-9E12B0367949}.Debug|Mixed Platforms.Build.0 = Debug
		{036C14D0-C835-49CB-BA47-9E12B0367949}.Debug|x64.ActiveCfg = Debug
		{036C14D0-C835-49CB-BA47-9E12B0367949}.Debug|x64.Build.0 = Debug
		{036C14D0-C835-49CB-BA47-9E12B0367949}.Debug|x86.ActiveCfg = Debug
		{036C14D0-C835-49CB-BA47-9E12B0367949}.Debug|x86.Build.0 = Debug
		{036C14D0-C835-49CB-BA47-9E12B0367949}.Release|Any CPU.ActiveCfg = Release
		{036C14D0-C835-49CB-BA47-9E12B0367949}.Release|Any CPU.Build.0 = Release
		{036C14D0-C835-49CB-BA47-9E12B0367949}.Release|Mixed Platforms.ActiveCfg = Release
		{036C14D0-C835-49CB-BA47-9E12B0367949}.Release|Mixed Platforms.Build.0 = Release
		{036C14D0-C835-49CB-BA47-9E12B0367949}.Release|x64.ActiveCfg = Release
		{036C14D0-C835-49CB-BA47-9E12B0367949}.Release|x86.ActiveCfg = Release
		{B304F651-BE06-4BC0-A3F2-8C1EC706B249}.Debug|Any CPU.ActiveCfg = Debug|Any CPU
		{B304F651-BE06-4BC0-A3F2-8C1EC706B249}.Debug|Any CPU.Build.0 = Debug|Any CPU
		{B304F651-BE06-4BC0-A3F2-8C1EC706B249}.Debug|Mixed Platforms.ActiveCfg = Debug|Any CPU
		{B304F651-BE06-4BC0-A3F2-8C1EC706B249}.Debug|Mixed Platforms.Build.0 = Debug|Any CPU
		{B304F651-BE06-4BC0-A3F2-8C1EC706B249}.Debug|x64.ActiveCfg = Debug|Any CPU
		{B304F651-BE06-4BC0-A3F2-8C1EC706B249}.Debug|x64.Build.0 = Debug|Any CPU
		{B304F651-BE06-4BC0-A3F2-8C1EC706B249}.Debug|x86.ActiveCfg = Debug|Any CPU
		{B304F651-BE06-4BC0-A3F2-8C1EC706B249}.Debug|x86.Build.0 = Debug|Any CPU
		{B304F651-BE06-4BC0-A3F2-8C1EC706B249}.Release|Any CPU.ActiveCfg = Release|Any CPU
		{B304F651-BE06-4BC0-A3F2-8C1EC706B249}.Release|Any CPU.Build.0 = Release|Any CPU
		{B304F651-BE06-4BC0-A3F2-8C1EC706B249}.Release|Mixed Platforms.ActiveCfg = Release|Any CPU
		{B304F651-BE06-4BC0-A3F2-8C1EC706B249}.Release|Mixed Platforms.Build.0 = Release|Any CPU
		{B304F651-BE06-4BC0-A3F2-8C1EC706B249}.Release|x64.ActiveCfg = Release|Any CPU
		{B304F651-BE06-4BC0-A3F2-8C1EC706B249}.Release|x64.Build.0 = Release|Any CPU
		{B304F651-BE06-4BC0-A3F2-8C1EC706B249}.Release|x86.ActiveCfg = Release|Any CPU
		{B304F651-BE06-4BC0-A3F2-8C1EC706B249}.Release|x86.Build.0 = Release|Any CPU
	EndGlobalSection
	GlobalSection(SolutionProperties) = preSolution
		HideSolutionNode = FALSE
	EndGlobalSection
	GlobalSection(ExtensibilityGlobals) = postSolution
		SolutionGuid = {6C3A08B0-3DC0-4C73-901A-47982C59BFAB}
	EndGlobalSection
EndGlobal
